
Microsoft Visual Studio Solution File, Format Version 12.00
# Visual Studio 14
VisualStudioVersion = 14.0.25123.0
MinimumVisualStudioVersion = 10.0.40219.1
Project("{2150E333-8FDC-42A3-9474-1A3956D46DE8}") = "src", "src", "{CC06E548-5708-47D7-9D99-95AB8F638F69}"
EndProject
Project("{2150E333-8FDC-42A3-9474-1A3956D46DE8}") = "Solution Items", "Solution Items", "{2EA9B607-B999-41BF-A378-D3A3BF5B9845}"
	ProjectSection(SolutionItems) = preProject
		global.json = global.json
	EndProjectSection
EndProject
Project("{8BB2217D-0F2D-49D1-97BC-3654ED321F3B}") = "TripServer", "src\TripServer\TripServer.xproj", "{9F2B0210-D164-4BD0-862B-38155B38FC29}"
EndProject
Global
	GlobalSection(SolutionConfigurationPlatforms) = preSolution
		Debug|Any CPU = Debug|Any CPU
		Release|Any CPU = Release|Any CPU
	EndGlobalSection
	GlobalSection(ProjectConfigurationPlatforms) = postSolution
		{9F2B0210-D164-4BD0-862B-38155B38FC29}.Debug|Any CPU.ActiveCfg = Debug|Any CPU
		{9F2B0210-D164-4BD0-862B-38155B38FC29}.Debug|Any CPU.Build.0 = Debug|Any CPU
		{9F2B0210-D164-4BD0-862B-38155B38FC29}.Release|Any CPU.ActiveCfg = Release|Any CPU
		{9F2B0210-D164-4BD0-862B-38155B38FC29}.Release|Any CPU.Build.0 = Release|Any CPU
	EndGlobalSection
	GlobalSection(SolutionProperties) = preSolution
		HideSolutionNode = FALSE
	EndGlobalSection
	GlobalSection(NestedProjects) = preSolution
		{9F2B0210-D164-4BD0-862B-38155B38FC29} = {CC06E548-5708-47D7-9D99-95AB8F638F69}
	EndGlobalSection
EndGlobal
